
Microsoft Visual Studio Solution File, Format Version 12.00
# Visual Studio 15
VisualStudioVersion = 15.0.28010.2036
MinimumVisualStudioVersion = 10.0.40219.1
Project("{2150E333-8FDC-42A3-9474-1A3956D46DE8}") = "Bit", "Bit", "{FEE3BEBB-4377-425B-B18A-C31A4EE52D7E}"
EndProject
Project("{9A19103F-16F7-4668-BE54-9A1E7A4F7556}") = "X.Bit", "X.Bit\X.Bit.csproj", "{69CE225A-90BB-43C1-8FA0-E7307D74CF78}"
EndProject
Project("{2150E333-8FDC-42A3-9474-1A3956D46DE8}") = "Byte", "Byte", "{F6CBF2DE-95F4-472A-8FA6-4E9737DADB91}"
EndProject
Project("{9A19103F-16F7-4668-BE54-9A1E7A4F7556}") = "X.Byte", "X.Byte\X.Byte.csproj", "{20EDEAA2-9BC9-406E-A567-28D9105C3C83}"
EndProject
Project("{9A19103F-16F7-4668-BE54-9A1E7A4F7556}") = "X.Bit.Memory", "X.Bit.Memory\X.Bit.Memory.csproj", "{59704F1C-8A9F-4A3A-9840-04777453561C}"
EndProject
Project("{9A19103F-16F7-4668-BE54-9A1E7A4F7556}") = "X.Byte.Memory", "X.Byte.Memory\X.Byte.Memory.csproj", "{A1782496-A79D-403A-9E25-2CBE6C6ECDEB}"
EndProject
Project("{9A19103F-16F7-4668-BE54-9A1E7A4F7556}") = "X.Bit.Moq", "X.Bit.Moq\X.Bit.Moq.csproj", "{98655FE3-9CC3-4B42-9E24-C1BBF9D1CECC}"
EndProject
Project("{9A19103F-16F7-4668-BE54-9A1E7A4F7556}") = "X.Bit.Memory.Moq", "X.Bit.Memory.Moq\X.Bit.Memory.Moq.csproj", "{2244D70C-D749-4416-A208-17099C7B95A5}"
EndProject
Project("{9A19103F-16F7-4668-BE54-9A1E7A4F7556}") = "X.Bit.xUnit", "X.Bit.xUnit\X.Bit.xUnit.csproj", "{9313F4D8-675D-4EFB-A7D2-FBD289704A4B}"
EndProject
Project("{9A19103F-16F7-4668-BE54-9A1E7A4F7556}") = "X.Byte.xUnit", "X.Byte.xUnit\X.Byte.xUnit.csproj", "{A50DF858-7C8A-40BB-BDC2-CA81ECB79A9B}"
EndProject
Project("{2150E333-8FDC-42A3-9474-1A3956D46DE8}") = "Memory", "Memory", "{73D25D56-2EDF-4CDD-A466-5F903E020A77}"
EndProject
Project("{2150E333-8FDC-42A3-9474-1A3956D46DE8}") = "Memory", "Memory", "{70712FB5-5B0A-4C6B-B41C-711FFBEB76A4}"
EndProject
Project("{9A19103F-16F7-4668-BE54-9A1E7A4F7556}") = "X.Bit.Memory.xUnit", "X.Bit.Memory.xUnit\X.Bit.Memory.xUnit.csproj", "{03CDB059-A112-41DE-BF7B-FEC6724CCDCB}"
EndProject
Project("{9A19103F-16F7-4668-BE54-9A1E7A4F7556}") = "X.Byte.Memory.xUnit", "X.Byte.Memory.xUnit\X.Byte.Memory.xUnit.csproj", "{776A7EAC-8C71-4B7B-A9D5-969779C85E2F}"
EndProject
Project("{FAE04EC0-301F-11D3-BF4B-00C04F79EFBC}") = "X.Dotnet", "X.Dotnet\X.Dotnet.csproj", "{92A2C263-F72E-4CAF-8B2E-7CFBCE5A96E4}"
EndProject
Global
	GlobalSection(SolutionConfigurationPlatforms) = preSolution
		Debug|Any CPU = Debug|Any CPU
		Release|Any CPU = Release|Any CPU
	EndGlobalSection
	GlobalSection(ProjectConfigurationPlatforms) = postSolution
		{69CE225A-90BB-43C1-8FA0-E7307D74CF78}.Debug|Any CPU.ActiveCfg = Debug|Any CPU
		{69CE225A-90BB-43C1-8FA0-E7307D74CF78}.Debug|Any CPU.Build.0 = Debug|Any CPU
		{69CE225A-90BB-43C1-8FA0-E7307D74CF78}.Release|Any CPU.ActiveCfg = Release|Any CPU
		{69CE225A-90BB-43C1-8FA0-E7307D74CF78}.Release|Any CPU.Build.0 = Release|Any CPU
		{20EDEAA2-9BC9-406E-A567-28D9105C3C83}.Debug|Any CPU.ActiveCfg = Debug|Any CPU
		{20EDEAA2-9BC9-406E-A567-28D9105C3C83}.Debug|Any CPU.Build.0 = Debug|Any CPU
		{20EDEAA2-9BC9-406E-A567-28D9105C3C83}.Release|Any CPU.ActiveCfg = Release|Any CPU
		{20EDEAA2-9BC9-406E-A567-28D9105C3C83}.Release|Any CPU.Build.0 = Release|Any CPU
		{59704F1C-8A9F-4A3A-9840-04777453561C}.Debug|Any CPU.ActiveCfg = Debug|Any CPU
		{59704F1C-8A9F-4A3A-9840-04777453561C}.Debug|Any CPU.Build.0 = Debug|Any CPU
		{59704F1C-8A9F-4A3A-9840-04777453561C}.Release|Any CPU.ActiveCfg = Release|Any CPU
		{59704F1C-8A9F-4A3A-9840-04777453561C}.Release|Any CPU.Build.0 = Release|Any CPU
		{A1782496-A79D-403A-9E25-2CBE6C6ECDEB}.Debug|Any CPU.ActiveCfg = Debug|Any CPU
		{A1782496-A79D-403A-9E25-2CBE6C6ECDEB}.Debug|Any CPU.Build.0 = Debug|Any CPU
		{A1782496-A79D-403A-9E25-2CBE6C6ECDEB}.Release|Any CPU.ActiveCfg = Release|Any CPU
		{A1782496-A79D-403A-9E25-2CBE6C6ECDEB}.Release|Any CPU.Build.0 = Release|Any CPU
		{98655FE3-9CC3-4B42-9E24-C1BBF9D1CECC}.Debug|Any CPU.ActiveCfg = Debug|Any CPU
		{98655FE3-9CC3-4B42-9E24-C1BBF9D1CECC}.Debug|Any CPU.Build.0 = Debug|Any CPU
		{98655FE3-9CC3-4B42-9E24-C1BBF9D1CECC}.Release|Any CPU.ActiveCfg = Release|Any CPU
		{98655FE3-9CC3-4B42-9E24-C1BBF9D1CECC}.Release|Any CPU.Build.0 = Release|Any CPU
		{2244D70C-D749-4416-A208-17099C7B95A5}.Debug|Any CPU.ActiveCfg = Debug|Any CPU
		{2244D70C-D749-4416-A208-17099C7B95A5}.Debug|Any CPU.Build.0 = Debug|Any CPU
		{2244D70C-D749-4416-A208-17099C7B95A5}.Release|Any CPU.ActiveCfg = Release|Any CPU
		{2244D70C-D749-4416-A208-17099C7B95A5}.Release|Any CPU.Build.0 = Release|Any CPU
		{9313F4D8-675D-4EFB-A7D2-FBD289704A4B}.Debug|Any CPU.ActiveCfg = Debug|Any CPU
		{9313F4D8-675D-4EFB-A7D2-FBD289704A4B}.Debug|Any CPU.Build.0 = Debug|Any CPU
		{9313F4D8-675D-4EFB-A7D2-FBD289704A4B}.Release|Any CPU.ActiveCfg = Release|Any CPU
		{9313F4D8-675D-4EFB-A7D2-FBD289704A4B}.Release|Any CPU.Build.0 = Release|Any CPU
		{A50DF858-7C8A-40BB-BDC2-CA81ECB79A9B}.Debug|Any CPU.ActiveCfg = Debug|Any CPU
		{A50DF858-7C8A-40BB-BDC2-CA81ECB79A9B}.Debug|Any CPU.Build.0 = Debug|Any CPU
		{A50DF858-7C8A-40BB-BDC2-CA81ECB79A9B}.Release|Any CPU.ActiveCfg = Release|Any CPU
		{A50DF858-7C8A-40BB-BDC2-CA81ECB79A9B}.Release|Any CPU.Build.0 = Release|Any CPU
		{03CDB059-A112-41DE-BF7B-FEC6724CCDCB}.Debug|Any CPU.ActiveCfg = Debug|Any CPU
		{03CDB059-A112-41DE-BF7B-FEC6724CCDCB}.Debug|Any CPU.Build.0 = Debug|Any CPU
		{03CDB059-A112-41DE-BF7B-FEC6724CCDCB}.Release|Any CPU.ActiveCfg = Release|Any CPU
		{03CDB059-A112-41DE-BF7B-FEC6724CCDCB}.Release|Any CPU.Build.0 = Release|Any CPU
		{776A7EAC-8C71-4B7B-A9D5-969779C85E2F}.Debug|Any CPU.ActiveCfg = Debug|Any CPU
		{776A7EAC-8C71-4B7B-A9D5-969779C85E2F}.Debug|Any CPU.Build.0 = Debug|Any CPU
		{776A7EAC-8C71-4B7B-A9D5-969779C85E2F}.Release|Any CPU.ActiveCfg = Release|Any CPU
		{776A7EAC-8C71-4B7B-A9D5-969779C85E2F}.Release|Any CPU.Build.0 = Release|Any CPU
		{92A2C263-F72E-4CAF-8B2E-7CFBCE5A96E4}.Debug|Any CPU.ActiveCfg = Debug|Any CPU
		{92A2C263-F72E-4CAF-8B2E-7CFBCE5A96E4}.Debug|Any CPU.Build.0 = Debug|Any CPU
		{92A2C263-F72E-4CAF-8B2E-7CFBCE5A96E4}.Release|Any CPU.ActiveCfg = Release|Any CPU
		{92A2C263-F72E-4CAF-8B2E-7CFBCE5A96E4}.Release|Any CPU.Build.0 = Release|Any CPU
	EndGlobalSection
	GlobalSection(SolutionProperties) = preSolution
		HideSolutionNode = FALSE
	EndGlobalSection
	GlobalSection(NestedProjects) = preSolution
		{69CE225A-90BB-43C1-8FA0-E7307D74CF78} = {FEE3BEBB-4377-425B-B18A-C31A4EE52D7E}
		{20EDEAA2-9BC9-406E-A567-28D9105C3C83} = {F6CBF2DE-95F4-472A-8FA6-4E9737DADB91}
		{59704F1C-8A9F-4A3A-9840-04777453561C} = {73D25D56-2EDF-4CDD-A466-5F903E020A77}
		{A1782496-A79D-403A-9E25-2CBE6C6ECDEB} = {70712FB5-5B0A-4C6B-B41C-711FFBEB76A4}
		{98655FE3-9CC3-4B42-9E24-C1BBF9D1CECC} = {FEE3BEBB-4377-425B-B18A-C31A4EE52D7E}
		{2244D70C-D749-4416-A208-17099C7B95A5} = {73D25D56-2EDF-4CDD-A466-5F903E020A77}
		{9313F4D8-675D-4EFB-A7D2-FBD289704A4B} = {FEE3BEBB-4377-425B-B18A-C31A4EE52D7E}
		{A50DF858-7C8A-40BB-BDC2-CA81ECB79A9B} = {F6CBF2DE-95F4-472A-8FA6-4E9737DADB91}
		{73D25D56-2EDF-4CDD-A466-5F903E020A77} = {FEE3BEBB-4377-425B-B18A-C31A4EE52D7E}
		{70712FB5-5B0A-4C6B-B41C-711FFBEB76A4} = {F6CBF2DE-95F4-472A-8FA6-4E9737DADB91}
		{03CDB059-A112-41DE-BF7B-FEC6724CCDCB} = {73D25D56-2EDF-4CDD-A466-5F903E020A77}
		{776A7EAC-8C71-4B7B-A9D5-969779C85E2F} = {70712FB5-5B0A-4C6B-B41C-711FFBEB76A4}
	EndGlobalSection
	GlobalSection(ExtensibilityGlobals) = postSolution
		SolutionGuid = {5DC052CE-D266-41BA-9752-2A6A2D398F46}
	EndGlobalSection
EndGlobal
